
Microsoft Visual Studio Solution File, Format Version 12.00
# Visual Studio Version 17
VisualStudioVersion = 17.9.34616.47
MinimumVisualStudioVersion = 10.0.40219.1
Project("{FAE04EC0-301F-11D3-BF4B-00C04F79EFBC}") = "Contacts Application", "Contacts Application\Contacts Application.csproj", "{11B7158F-28A9-46DD-AFEF-6A432D8F9B94}"
EndProject
Global
	GlobalSection(SolutionConfigurationPlatforms) = preSolution
		Debug|Any CPU = Debug|Any CPU
		Release|Any CPU = Release|Any CPU
	EndGlobalSection
	GlobalSection(ProjectConfigurationPlatforms) = postSolution
		{11B7158F-28A9-46DD-AFEF-6A432D8F9B94}.Debug|Any CPU.ActiveCfg = Debug|Any CPU
		{11B7158F-28A9-46DD-AFEF-6A432D8F9B94}.Debug|Any CPU.Build.0 = Debug|Any CPU
		{11B7158F-28A9-46DD-AFEF-6A432D8F9B94}.Release|Any CPU.ActiveCfg = Release|Any CPU
		{11B7158F-28A9-46DD-AFEF-6A432D8F9B94}.Release|Any CPU.Build.0 = Release|Any CPU
	EndGlobalSection
	GlobalSection(SolutionProperties) = preSolution
		HideSolutionNode = FALSE
	EndGlobalSection
	GlobalSection(ExtensibilityGlobals) = postSolution
		SolutionGuid = {6216B9CF-8CA7-4DF6-ABE7-25C3373DE47F}
	EndGlobalSection
EndGlobal
